
Microsoft Visual Studio Solution File, Format Version 12.00
# Visual Studio Version 16
VisualStudioVersion = 16.0.30717.126
MinimumVisualStudioVersion = 10.0.40219.1
Project("{9A19103F-16F7-4668-BE54-9A1E7A4F7556}") = "HiperServiceResultHandler", "HiperServiceResultHandler\HiperServiceResultHandler.csproj", "{C5DC41F6-1D36-4C63-85FC-D1219A836A19}"
EndProject
Global
	GlobalSection(SolutionConfigurationPlatforms) = preSolution
		Debug|Any CPU = Debug|Any CPU
		Release|Any CPU = Release|Any CPU
	EndGlobalSection
	GlobalSection(ProjectConfigurationPlatforms) = postSolution
		{C5DC41F6-1D36-4C63-85FC-D1219A836A19}.Debug|Any CPU.ActiveCfg = Debug|Any CPU
		{C5DC41F6-1D36-4C63-85FC-D1219A836A19}.Debug|Any CPU.Build.0 = Debug|Any CPU
		{C5DC41F6-1D36-4C63-85FC-D1219A836A19}.Release|Any CPU.ActiveCfg = Release|Any CPU
		{C5DC41F6-1D36-4C63-85FC-D1219A836A19}.Release|Any CPU.Build.0 = Release|Any CPU
	EndGlobalSection
	GlobalSection(SolutionProperties) = preSolution
		HideSolutionNode = FALSE
	EndGlobalSection
	GlobalSection(ExtensibilityGlobals) = postSolution
		SolutionGuid = {67C5E338-581B-4496-9E5E-88619EEF91D4}
	EndGlobalSection
EndGlobal
